# This file is autogenerated, do not edit; changes may be undone by the next 'dep ensure'.


[[projects]]
  name = "github.com/fiorix/wsdl2go"
  packages = ["soap"]
  revision = "69b96af60ac9b29848069ac8e6eed1d655496847"

[[projects]]
  name = "github.com/hooklift/gowsdl"
  packages = ["soap"]
  revision = "193c95ad2f469c5f82a8ad8fca580a159dc85a60"

[[projects]]
  name = "github.com/pkg/errors"
  packages = ["."]
  revision = "645ef00459ed84a119197bfb8d8205042c6df63d"
  version = "v0.8.0"

[[projects]]
  name = "github.com/tiaguinho/gosoap"
  packages = ["."]
  revision = "cee27a0d21b322416e136fcf06f7f10fb2fbe3ac"

[[projects]]
  branch = "master"
  name = "golang.org/x/net"
  packages = [
    "html",
    "html/atom",
    "html/charset"
  ]
  revision = "03003ca0c849e57b6ea29a4bab8d3cb6e4d568fe"

[[projects]]
  name = "golang.org/x/text"
  packages = [
    "encoding",
    "encoding/charmap",
    "encoding/htmlindex",
    "encoding/internal",
    "encoding/internal/identifier",
    "encoding/japanese",
    "encoding/korean",
    "encoding/simplifiedchinese",
    "encoding/traditionalchinese",
    "encoding/unicode",
    "internal/gen",
    "internal/tag",
    "internal/utf8internal",
    "language",
    "runes",
    "transform",
    "unicode/cldr"
  ]
  revision = "f21a4dfb5e38f5895301dc265a8def02365cc3d0"
  version = "v0.3.0"

[solve-meta]
  analyzer-name = "dep"
  analyzer-version = 1
  inputs-digest = "0ee94f7870912bed0ab8c6e3d8c81533583e93070c83ea61f9febf0cc3486057"
  solver-name = "gps-cdcl"
  solver-version = 1
